
Microsoft Visual Studio Solution File, Format Version 12.00
# Visual Studio Version 17
VisualStudioVersion = 17.5.002.0
MinimumVisualStudioVersion = 10.0.40219.1
Project("{2150E333-8FDC-42A3-9474-1A3956D46DE8}") = "CineNicheIntex", "CineNicheIntex", "{52A79723-4114-42A4-B0DD-3B652E4A7445}"
EndProject
Project("{2150E333-8FDC-42A3-9474-1A3956D46DE8}") = "backend", "backend", "{A42CF58B-66E2-4254-812F-B066022FABEE}"
EndProject
Project("{9A19103F-16F7-4668-BE54-9A1E7A4F7556}") = "CineNicheIntex.API", "CineNicheIntex\backend\CineNicheIntex.API\CineNicheIntex.API.csproj", "{EE35180B-8151-4D11-833E-21002567414E}"
EndProject
Global
	GlobalSection(SolutionConfigurationPlatforms) = preSolution
		Debug|Any CPU = Debug|Any CPU
		Release|Any CPU = Release|Any CPU
	EndGlobalSection
	GlobalSection(ProjectConfigurationPlatforms) = postSolution
		{EE35180B-8151-4D11-833E-21002567414E}.Debug|Any CPU.ActiveCfg = Debug|Any CPU
		{EE35180B-8151-4D11-833E-21002567414E}.Debug|Any CPU.Build.0 = Debug|Any CPU
		{EE35180B-8151-4D11-833E-21002567414E}.Release|Any CPU.ActiveCfg = Release|Any CPU
		{EE35180B-8151-4D11-833E-21002567414E}.Release|Any CPU.Build.0 = Release|Any CPU
	EndGlobalSection
	GlobalSection(SolutionProperties) = preSolution
		HideSolutionNode = FALSE
	EndGlobalSection
	GlobalSection(NestedProjects) = preSolution
		{A42CF58B-66E2-4254-812F-B066022FABEE} = {52A79723-4114-42A4-B0DD-3B652E4A7445}
		{EE35180B-8151-4D11-833E-21002567414E} = {A42CF58B-66E2-4254-812F-B066022FABEE}
	EndGlobalSection
	GlobalSection(ExtensibilityGlobals) = postSolution
		SolutionGuid = {69B13D5E-DCC1-4F0C-AAD3-B1AD62C9219F}
	EndGlobalSection
EndGlobal
