
Microsoft Visual Studio Solution File, Format Version 12.00
# Visual Studio Version 17
VisualStudioVersion = 17.5.002.0
MinimumVisualStudioVersion = 10.0.40219.1
Project("{2150E333-8FDC-42A3-9474-1A3956D46DE8}") = "backend", "backend", "{9F06EBF6-AAAE-4524-A457-300E798A0505}"
EndProject
Project("{9A19103F-16F7-4668-BE54-9A1E7A4F7556}") = "Mission11.API", "backend\Mission11.API\Mission11.API.csproj", "{EB6F7BEE-200A-4929-A8F7-0AF900C7D73A}"
EndProject
Global
	GlobalSection(SolutionConfigurationPlatforms) = preSolution
		Debug|Any CPU = Debug|Any CPU
		Release|Any CPU = Release|Any CPU
	EndGlobalSection
	GlobalSection(ProjectConfigurationPlatforms) = postSolution
		{EB6F7BEE-200A-4929-A8F7-0AF900C7D73A}.Debug|Any CPU.ActiveCfg = Debug|Any CPU
		{EB6F7BEE-200A-4929-A8F7-0AF900C7D73A}.Debug|Any CPU.Build.0 = Debug|Any CPU
		{EB6F7BEE-200A-4929-A8F7-0AF900C7D73A}.Release|Any CPU.ActiveCfg = Release|Any CPU
		{EB6F7BEE-200A-4929-A8F7-0AF900C7D73A}.Release|Any CPU.Build.0 = Release|Any CPU
	EndGlobalSection
	GlobalSection(SolutionProperties) = preSolution
		HideSolutionNode = FALSE
	EndGlobalSection
	GlobalSection(NestedProjects) = preSolution
		{EB6F7BEE-200A-4929-A8F7-0AF900C7D73A} = {9F06EBF6-AAAE-4524-A457-300E798A0505}
	EndGlobalSection
	GlobalSection(ExtensibilityGlobals) = postSolution
		SolutionGuid = {52DC379F-FE72-416D-BA6D-9B67471DB331}
	EndGlobalSection
EndGlobal
